
Microsoft Visual Studio Solution File, Format Version 12.00
# Visual Studio 15
VisualStudioVersion = 15.0.27703.2000
MinimumVisualStudioVersion = 10.0.40219.1
Project("{FAE04EC0-301F-11D3-BF4B-00C04F79EFBC}") = "Xml", "Xml\Xml.csproj", "{D0FEB603-2FDB-4308-8546-306337DA46D6}"
EndProject
Global
	GlobalSection(SolutionConfigurationPlatforms) = preSolution
		Debug|Any CPU = Debug|Any CPU
		Release|Any CPU = Release|Any CPU
	EndGlobalSection
	GlobalSection(ProjectConfigurationPlatforms) = postSolution
		{D0FEB603-2FDB-4308-8546-306337DA46D6}.Debug|Any CPU.ActiveCfg = Debug|Any CPU
		{D0FEB603-2FDB-4308-8546-306337DA46D6}.Debug|Any CPU.Build.0 = Debug|Any CPU
		{D0FEB603-2FDB-4308-8546-306337DA46D6}.Release|Any CPU.ActiveCfg = Release|Any CPU
		{D0FEB603-2FDB-4308-8546-306337DA46D6}.Release|Any CPU.Build.0 = Release|Any CPU
	EndGlobalSection
	GlobalSection(SolutionProperties) = preSolution
		HideSolutionNode = FALSE
	EndGlobalSection
	GlobalSection(ExtensibilityGlobals) = postSolution
		SolutionGuid = {4916097A-967D-4E05-86B0-01199AADD24B}
	EndGlobalSection
EndGlobal
